{
    "_meta": {
        "hash": {
            "sha256": "4212274687576b12ce2fab3e0398ccd06418c400f24224af1da869b84b416979"
        },
        "pipfile-spec": 6,
        "requires": {
            "python_version": "3.11"
        },
        "sources": [
            {
                "name": "pypi",
                "url": "https://pypi.org/simple",
                "verify_ssl": true
            }
        ]
    },
    "default": {
        "autopep8": {
            "hashes": [
                "sha256:86e9303b5e5c8160872b2f5ef611161b2893e9bfe8ccc7e2f76385947d57a2f1",
                "sha256:f9849cdd62108cb739dbcdbfb7fdcc9a30d1b63c4cc3e1c1f893b5360941b61c"
            ],
            "index": "pypi",
            "version": "==2.0.2"
        },
        "duckdb": {
            "hashes": [
                "sha256:066885e1883464ce3b7d1fd844f9431227dcffe1ee39bfd2a05cd6d53f304557",
                "sha256:0bd89f388205b6c99b62650169efe9a02933555ee1d46ddf79fbd0fb9e62652b",
                "sha256:1247cc11bac17f2585d11681329806c86295e32242f84a10a604665e697d5c81",
                "sha256:193b896eed44d8751a755ccf002a137630020af0bc3505affa21bf19fdc90df3",
                "sha256:1e78c7f59325e99f0b3d9fe7c2bad4aaadf42d2c7711925cc26331d7647a91b2",
                "sha256:278edb8c912d836b3b77fd1695887e1dbd736137c3912478af3608c9d7307bb0",
                "sha256:289a5f65213e66d320ebcd51a94787e7097b9d1c3492d01a121a2c809812bf19",
                "sha256:2e56b0329c38c0356b40449917bab6fce6ac27d356257b9a9da613d2a0f064e0",
                "sha256:32a268508c6d7fdc99d5442736051de74c28a5166c4cc3dcbbf35d383299b941",
                "sha256:36aae9a923c9f78da1cf3fcf75873f62d32ea017d4cef7c706d16d3eca527ca2",
                "sha256:3e0170be6cc315c179169dfa3e06485ef7009ef8ce399cd2908f29105ef2c67b",
                "sha256:3fe3f3dbd62b76a773144eef31aa29794578c359da932e77fef04516535318ca",
                "sha256:53e3db1bc0f445ee48b23cde47bfba08c7fa5a69976c740ec8cdf89543d2405d",
                "sha256:54606dfd24d7181d3098030ca6858f6be52f3ccbf42fff05f7587f2d9cdf4343",
                "sha256:578c269d7aa27184e8d45421694f89deda3f41fe6bd2a8ce48b262b9fc975326",
                "sha256:5d986b5ad1307b069309f9707c0c5051323e29865aefa059eb6c3b22dc9751b6",
                "sha256:5fd08c97c3e8cb5bec3822cf78b966b489213dcaab24b25c05a99f7caf8db467",
                "sha256:5feaff16a012075b49dfa09d4cb24455938d6b0e06b08e1404ec00089119dba2",
                "sha256:604b8b476d6cc6bf91625d8c2722ef9c50c402b3d64bc518c838d6c279e6d93b",
                "sha256:630e0122a02f19bb1fafae00786350b2c31ae8422fce97c827bd3686e7c386af",
                "sha256:6360d41023e726646507d5479ba60960989a09f04527b36abeef3643c61d8c48",
                "sha256:6730f03b5b78f3943b752c90bdf37b62ae3ac52302282a942cc675825b4a8dc9",
                "sha256:6a3f3315e2b553db3463f07324f62dfebaf3b97656a87558e59e2f1f816eaf15",
                "sha256:6a611f598226fd634b7190f509cc6dd668132ffe436b0a6b43847b4b32b99e4a",
                "sha256:6b91ec3544ee4dc9e6abbdf2669475d5adedaaea51987c67acf161673e6b7443",
                "sha256:72fceb06f5bf24ad6bb5974c60d397a7a7e61b3d847507a22276de076f3392e2",
                "sha256:766e6390f7ace7f1e322085c2ca5d0ad94767bde78a38d168253d2b0b4d5cd5c",
                "sha256:7da132ee452c80a3784b8daffd86429fa698e1b0e3ecb84660db96d36c27ad55",
                "sha256:8085ad58c9b5854ee3820804fa1797e6b3134429c1506c3faab3cb96e71b07e9",
                "sha256:90794406fa2111414877ee9db154fef940911f3920c312c1cf69947621737c8d",
                "sha256:9b9ca2d294725e523ce207bc37f28787478ae6f7a223e2cf3a213a2d498596c3",
                "sha256:9cb956f94fa55c4782352dac7cc7572a58312bd7ce97332bb14591d6059f0ea4",
                "sha256:a7db6da0366b239ea1e4541fcc19556b286872f5015c9a54c2e347146e25a2ad",
                "sha256:a9e987565a268fd8da9f65e54621d28f39c13105b8aee34c96643074babe6d9c",
                "sha256:aaf33aeb543c7816bd915cd10141866d54f92f698e1b5712de9d8b7076da19df",
                "sha256:b09741cfa31388b8f9cdf5c5200e0995d55a5b54d2d1a75b54784e2f5c042f7f",
                "sha256:b411a0c361eab9b26dcd0d0c7a0d1bc0ad6b214068555de7e946fbdd2619961a",
                "sha256:b47c19d1f2f662a5951fc6c5f6939d0d3b96689604b529cdcffd9afdcc95bff2",
                "sha256:bb2700785cab37cd1e7a76c4547a5ab0f8a7c28ad3f3e4d02a8fae52be223090",
                "sha256:bc2a12d9f4fc8ef2fd1022d610287c9fc9972ea06b7510fc87387f1fa256a390",
                "sha256:bd9367ae650b6605ffe00412183cf0edb688a5fc9fbb03ed757e8310e7ec3b6c",
                "sha256:bf20c5ee62cbbf10b39ebdfd70d454ce914e70545c7cb6cb78cb5befef96328a",
                "sha256:c4d5217437d20d05fe23317bbc161befa1f9363f3622887cd1d2f4719b407936",
                "sha256:c7c76d8694ecdb579241ecfeaf03c51d640b984dbbe8e1d9f919089ebf3cdea6",
                "sha256:e189b558d10b58fe6ed85ce79f728e143eb4115db1e63147a44db613cd4dd0d9",
                "sha256:fe23e938d29cd8ea6953d77dc828b7f5b95a4dbc7cd7fe5bcc3531da8cec3dba",
                "sha256:feffe503c2e2a99480e1e5e15176f37796b3675e4dadad446fe7c2cc672aed3c"
            ],
            "version": "==0.7.1"
        },
        "numpy": {
            "hashes": [
                "sha256:0ec87a7084caa559c36e0a2309e4ecb1baa03b687201d0a847c8b0ed476a7187",
                "sha256:1a7d6acc2e7524c9955e5c903160aa4ea083736fde7e91276b0e5d98e6332812",
                "sha256:202de8f38fc4a45a3eea4b63e2f376e5f2dc64ef0fa692838e31a808520efaf7",
                "sha256:210461d87fb02a84ef243cac5e814aad2b7f4be953b32cb53327bb49fd77fbb4",
                "sha256:2d926b52ba1367f9acb76b0df6ed21f0b16a1ad87c6720a1121674e5cf63e2b6",
                "sha256:352ee00c7f8387b44d19f4cada524586f07379c0d49270f87233983bc5087ca0",
                "sha256:35400e6a8d102fd07c71ed7dcadd9eb62ee9a6e84ec159bd48c28235bbb0f8e4",
                "sha256:3c1104d3c036fb81ab923f507536daedc718d0ad5a8707c6061cdfd6d184e570",
                "sha256:4719d5aefb5189f50887773699eaf94e7d1e02bf36c1a9d353d9f46703758ca4",
                "sha256:4749e053a29364d3452c034827102ee100986903263e89884922ef01a0a6fd2f",
                "sha256:5342cf6aad47943286afa6f1609cad9b4266a05e7f2ec408e2cf7aea7ff69d80",
                "sha256:56e48aec79ae238f6e4395886b5eaed058abb7231fb3361ddd7bfdf4eed54289",
                "sha256:76e3f4e85fc5d4fd311f6e9b794d0c00e7002ec122be271f2019d63376f1d385",
                "sha256:7776ea65423ca6a15255ba1872d82d207bd1e09f6d0894ee4a64678dd2204078",
                "sha256:784c6da1a07818491b0ffd63c6bbe5a33deaa0e25a20e1b3ea20cf0e43f8046c",
                "sha256:8535303847b89aa6b0f00aa1dc62867b5a32923e4d1681a35b5eef2d9591a463",
                "sha256:9a7721ec204d3a237225db3e194c25268faf92e19338a35f3a224469cb6039a3",
                "sha256:a1d3c026f57ceaad42f8231305d4653d5f05dc6332a730ae5c0bea3513de0950",
                "sha256:ab344f1bf21f140adab8e47fdbc7c35a477dc01408791f8ba00d018dd0bc5155",
                "sha256:ab5f23af8c16022663a652d3b25dcdc272ac3f83c3af4c02eb8b824e6b3ab9d7",
                "sha256:ae8d0be48d1b6ed82588934aaaa179875e7dc4f3d84da18d7eae6eb3f06c242c",
                "sha256:c91c4afd8abc3908e00a44b2672718905b8611503f7ff87390cc0ac3423fb096",
                "sha256:d5036197ecae68d7f491fcdb4df90082b0d4960ca6599ba2659957aafced7c17",
                "sha256:d6cc757de514c00b24ae8cf5c876af2a7c3df189028d68c0cb4eaa9cd5afc2bf",
                "sha256:d933fabd8f6a319e8530d0de4fcc2e6a61917e0b0c271fded460032db42a0fe4",
                "sha256:ea8282b9bcfe2b5e7d491d0bf7f3e2da29700cec05b49e64d6246923329f2b02",
                "sha256:ecde0f8adef7dfdec993fd54b0f78183051b6580f606111a6d789cd14c61ea0c",
                "sha256:f21c442fdd2805e91799fbe044a7b999b8571bb0ab0f7850d0cb9641a687092b"
            ],
            "markers": "python_version >= '3.8'",
            "version": "==1.24.3"
        },
        "pandas": {
            "hashes": [
                "sha256:00959a04a1d7bbc63d75a768540fb20ecc9e65fd80744c930e23768345a362a7",
                "sha256:03e677c6bc9cfb7f93a8b617d44f6091613a5671ef2944818469be7b42114a00",
                "sha256:0a514ae436b23a92366fbad8365807fc0eed15ca219690b3445dcfa33597a5cc",
                "sha256:12bd6618e3cc737c5200ecabbbb5eaba8ab645a4b0db508ceeb4004bb10b060e",
                "sha256:18d22cb9043b6c6804529810f492ab09d638ddf625c5dea8529239607295cb59",
                "sha256:19b8e5270da32b41ebf12f0e7165efa7024492e9513fb46fb631c5022ae5709d",
                "sha256:2b6fe5f7ce1cba0e74188c8473c9091ead9b293ef0a6794939f8cc7947057abd",
                "sha256:320b180d125c3842c5da5889183b9a43da4ebba375ab2ef938f57bf267a3c684",
                "sha256:3d099ecaa5b9e977b55cd43cf842ec13b14afa1cfa51b7e1179d90b38c53ce6a",
                "sha256:6c0853d487b6c868bf107a4b270a823746175b1932093b537b9b76c639fc6f7e",
                "sha256:6fa0067f2419f933101bdc6001bcea1d50812afbd367b30943417d67fbb99678",
                "sha256:70a996a1d2432dadedbb638fe7d921c88b0cc4dd90374eab51bb33dc6c0c2a12",
                "sha256:7b8395d335b08bc8b050590da264f94a439b4770ff16bb51798527f1dd840388",
                "sha256:7bbf173d364130334e0159a9a034f573e8b44a05320995127cf676b85fd8ce86",
                "sha256:8db5a644d184a38e6ed40feeb12d410d7fcc36648443defe4707022da127fc35",
                "sha256:909a72b52175590debbf1d0c9e3e6bce2f1833c80c76d80bd1aa09188be768e5",
                "sha256:90d1d365d77d287063c5e339f49b27bd99ef06d10a8843cf00b1a49326d492c1",
                "sha256:910df06feaf9935d05247db6de452f6d59820e432c18a2919a92ffcd98f8f79b",
                "sha256:99f7192d8b0e6daf8e0d0fd93baa40056684e4b4aaaef9ea78dff34168e1f2f0",
                "sha256:a2564629b3a47b6aa303e024e3d84e850d36746f7e804347f64229f8c87416ea",
                "sha256:a37ee35a3eb6ce523b2c064af6286c45ea1c7ff882d46e10d0945dbda7572753",
                "sha256:af2449e9e984dfad39276b885271ba31c5e0204ffd9f21f287a245980b0e4091",
                "sha256:e09a53a4fe8d6ae2149959a2d02e1ef2f4d2ceb285ac48f74b79798507e468b4",
                "sha256:f25e23a03f7ad7211ffa30cb181c3e5f6d96a8e4cb22898af462a7333f8a74eb",
                "sha256:fe7914d8ddb2d54b900cec264c090b88d141a1eed605c9539a187dbc2547f022"
            ],
            "markers": "python_version >= '3.8'",
            "version": "==2.0.1"
        },
        "peewee": {
            "hashes": [
                "sha256:10769981198c7311f84a0ca8db892fa213303a8eb1305deb795a71e7bd606a91"
            ],
            "index": "pypi",
            "version": "==3.16.2"
        },
        "psycopg2": {
            "hashes": [
                "sha256:11aca705ec888e4f4cea97289a0bf0f22a067a32614f6ef64fcf7b8bfbc53744",
                "sha256:1861a53a6a0fd248e42ea37c957d36950da00266378746588eab4f4b5649e95f",
                "sha256:2362ee4d07ac85ff0ad93e22c693d0f37ff63e28f0615a16b6635a645f4b9214",
                "sha256:36c941a767341d11549c0fbdbb2bf5be2eda4caf87f65dfcd7d146828bd27f39",
                "sha256:53f4ad0a3988f983e9b49a5d9765d663bbe84f508ed655affdb810af9d0972ad",
                "sha256:869776630c04f335d4124f120b7fb377fe44b0a7645ab3c34b4ba42516951889",
                "sha256:a8ad4a47f42aa6aec8d061fdae21eaed8d864d4bb0f0cade5ad32ca16fcd6258",
                "sha256:b81fcb9ecfc584f661b71c889edeae70bae30d3ef74fa0ca388ecda50b1222b7",
                "sha256:d24ead3716a7d093b90b27b3d73459fe8cd90fd7065cf43b3c40966221d8c394",
                "sha256:ded2faa2e6dfb430af7713d87ab4abbfc764d8d7fb73eafe96a24155f906ebf5",
                "sha256:f15158418fd826831b28585e2ab48ed8df2d0d98f502a2b4fe619e7d5ca29011",
                "sha256:f75001a1cbbe523e00b0ef896a5a1ada2da93ccd752b7636db5a99bc57c44494",
                "sha256:f7a7a5ee78ba7dc74265ba69e010ae89dae635eea0e97b055fb641a01a31d2b1"
            ],
            "index": "pypi",
            "version": "==2.9.6"
        },
        "pyarrow": {
            "hashes": [
                "sha256:0846ace49998825eda4722f8d7f83fa05601c832549c9087ea49d6d5397d8cec",
                "sha256:0d8b90efc290e99a81d06015f3a46601c259ecc81ffb6d8ce288c91bd1b868c9",
                "sha256:0e36425b1c1cbf5447718b3f1751bf86c58f2b3ad299f996cd9b1aa040967656",
                "sha256:19c812d303610ab5d664b7b1de4051ae23565f9f94d04cbea9e50569746ae1ee",
                "sha256:1b50bb9a82dca38a002d7cbd802a16b1af0f8c50ed2ec94a319f5f2afc047ee9",
                "sha256:1d568acfca3faa565d663e53ee34173be8e23a95f78f2abfdad198010ec8f745",
                "sha256:23a77d97f4d101ddfe81b9c2ee03a177f0e590a7e68af15eafa06e8f3cf05976",
                "sha256:2466be046b81863be24db370dffd30a2e7894b4f9823fb60ef0a733c31ac6256",
                "sha256:272f147d4f8387bec95f17bb58dcfc7bc7278bb93e01cb7b08a0e93a8921e18e",
                "sha256:280289ebfd4ac3570f6b776515baa01e4dcbf17122c401e4b7170a27c4be63fd",
                "sha256:2cc63e746221cddb9001f7281dee95fd658085dd5b717b076950e1ccc607059c",
                "sha256:3b97649c8a9a09e1d8dc76513054f1331bd9ece78ee39365e6bf6bc7503c1e94",
                "sha256:3d1733b1ea086b3c101427d0e57e2be3eb964686e83c2363862a887bb5c41fa8",
                "sha256:5b0810864a593b89877120972d1f7af1d1c9389876dbed92b962ed81492d3ffc",
                "sha256:7a7b6a765ee4f88efd7d8348d9a1f804487d60799d0428b6ddf3344eaef37282",
                "sha256:7b5b9f60d9ef756db59bec8d90e4576b7df57861e6a3d6a8bf99538f68ca15b3",
                "sha256:92fb031e6777847f5c9b01eaa5aa0c9033e853ee80117dce895f116d8b0c3ca3",
                "sha256:993287136369aca60005ee7d64130f9466489c4f7425f5c284315b0a5401ccd9",
                "sha256:a1c4fce253d5bdc8d62f11cfa3da5b0b34b562c04ce84abb8bd7447e63c2b327",
                "sha256:a7cd32fe77f967fe08228bc100433273020e58dd6caced12627bcc0a7675a513",
                "sha256:b99e559d27db36ad3a33868a475f03e3129430fc065accc839ef4daa12c6dab6",
                "sha256:bc4ea634dacb03936f50fcf59574a8e727f90c17c24527e488d8ceb52ae284de",
                "sha256:d8c26912607e26c2991826bbaf3cf2b9c8c3e17566598c193b492f058b40d3a4",
                "sha256:e6be4d85707fc8e7a221c8ab86a40449ce62559ce25c94321df7c8500245888f",
                "sha256:ea830d9f66bfb82d30b5794642f83dd0e4a718846462d22328981e9eb149cba8"
            ],
            "markers": "python_version >= '3.7'",
            "version": "==12.0.0"
        },
        "pycodestyle": {
            "hashes": [
                "sha256:347187bdb476329d98f695c213d7295a846d1152ff4fe9bacb8a9590b8ee7053",
                "sha256:8a4eaf0d0495c7395bdab3589ac2db602797d76207242c17d470186815706610"
            ],
            "markers": "python_version >= '3.6'",
            "version": "==2.10.0"
        },
        "pylance": {
            "hashes": [
                "sha256:136f1f0f876a5f2afdfa6e06932cf1aa6524d578f0b8cf2d6fa457cbc3a49da2",
                "sha256:1e27dfe6d55e91403c92b6e843cdcd862027860deea810a74b2b3e7a91463e91",
                "sha256:8a23a5780193129bbc995b3a87520e09f373b6ee53cd4eac4a8b9c65f4593ec4",
                "sha256:959261eb76c463f8763182f7f08c53123d1070455e907f21f4c16e683a846eb9"
            ],
            "index": "pypi",
            "version": "==0.4.9"
        },
        "python-dateutil": {
            "hashes": [
                "sha256:0123cacc1627ae19ddf3c27a5de5bd67ee4586fbdd6440d9748f8abb483d3e86",
                "sha256:961d03dc3453ebbc59dbdea9e4e11c5651520a876d0f4db161e8674aae935da9"
            ],
            "markers": "python_version >= '2.7' and python_version not in '3.0, 3.1, 3.2, 3.3'",
            "version": "==2.8.2"
        },
        "pytz": {
            "hashes": [
                "sha256:1d8ce29db189191fb55338ee6d0387d82ab59f3d00eac103412d64e0ebd0c588",
                "sha256:a151b3abb88eda1d4e34a9814df37de2a80e301e68ba0fd856fb9b46bfbbbffb"
            ],
            "version": "==2023.3"
        },
        "six": {
            "hashes": [
                "sha256:1e61c37477a1626458e36f7b1d82aa5c9b094fa4802892072e49de9c60c4c926",
                "sha256:8abb2f1d86890a2dfb989f9a77cfcfd3e47c2a354b01111771326f8aa26e0254"
            ],
            "markers": "python_version >= '2.7' and python_version not in '3.0, 3.1, 3.2, 3.3'",
            "version": "==1.16.0"
        },
        "tzdata": {
            "hashes": [
                "sha256:11ef1e08e54acb0d4f95bdb1be05da659673de4acbd21bf9c69e94cc5e907a3a",
                "sha256:7e65763eef3120314099b6939b5546db7adce1e7d6f2e179e3df563c70511eda"
            ],
            "markers": "python_version >= '2'",
            "version": "==2023.3"
        }
    },
    "develop": {}
}
